
Microsoft Visual Studio Solution File, Format Version 12.00
# Visual Studio 15
VisualStudioVersion = 15.0.28307.572
MinimumVisualStudioVersion = 10.0.40219.1
Project("{FAE04EC0-301F-11D3-BF4B-00C04F79EFBC}") = "ImageMapEx", "ImageMapEx\ImageMapEx.csproj", "{DC75153E-EF9B-4177-A8EC-FD45D19D6F64}"
EndProject
Global
	GlobalSection(SolutionConfigurationPlatforms) = preSolution
		Debug|Any CPU = Debug|Any CPU
		Release|Any CPU = Release|Any CPU
	EndGlobalSection
	GlobalSection(ProjectConfigurationPlatforms) = postSolution
		{DC75153E-EF9B-4177-A8EC-FD45D19D6F64}.Debug|Any CPU.ActiveCfg = Debug|Any CPU
		{DC75153E-EF9B-4177-A8EC-FD45D19D6F64}.Debug|Any CPU.Build.0 = Debug|Any CPU
		{DC75153E-EF9B-4177-A8EC-FD45D19D6F64}.Release|Any CPU.ActiveCfg = Release|Any CPU
		{DC75153E-EF9B-4177-A8EC-FD45D19D6F64}.Release|Any CPU.Build.0 = Release|Any CPU
	EndGlobalSection
	GlobalSection(SolutionProperties) = preSolution
		HideSolutionNode = FALSE
	EndGlobalSection
	GlobalSection(ExtensibilityGlobals) = postSolution
		SolutionGuid = {22608E09-062B-4436-B406-121C50DFD182}
	EndGlobalSection
EndGlobal
